
Microsoft Visual Studio Solution File, Format Version 12.00
# Visual Studio Version 17
VisualStudioVersion = 17.1.32210.238
MinimumVisualStudioVersion = 10.0.40219.1
Project("{9A19103F-16F7-4668-BE54-9A1E7A4F7556}") = "Demo.Api", "Demo.Api\Demo.Api.csproj", "{020FC895-5E41-41A6-9C10-E2BCEBE40842}"
EndProject
Project("{9A19103F-16F7-4668-BE54-9A1E7A4F7556}") = "Demo.Tests.Unit", "Demo.Tests.Unit\Demo.Tests.Unit.csproj", "{4E74EB89-1493-4D41-A8E4-D1651F94C49D}"
EndProject
Project("{9A19103F-16F7-4668-BE54-9A1E7A4F7556}") = "Demo.Tests.Integration", "Demo.Tests.Integration\Demo.Tests.Integration.csproj", "{0E1E4D83-1054-4010-9CE2-07CF0E2D2422}"
EndProject
Global
	GlobalSection(SolutionConfigurationPlatforms) = preSolution
		Debug|Any CPU = Debug|Any CPU
		Release|Any CPU = Release|Any CPU
	EndGlobalSection
	GlobalSection(ProjectConfigurationPlatforms) = postSolution
		{020FC895-5E41-41A6-9C10-E2BCEBE40842}.Debug|Any CPU.ActiveCfg = Debug|Any CPU
		{020FC895-5E41-41A6-9C10-E2BCEBE40842}.Debug|Any CPU.Build.0 = Debug|Any CPU
		{020FC895-5E41-41A6-9C10-E2BCEBE40842}.Release|Any CPU.ActiveCfg = Release|Any CPU
		{020FC895-5E41-41A6-9C10-E2BCEBE40842}.Release|Any CPU.Build.0 = Release|Any CPU
		{4E74EB89-1493-4D41-A8E4-D1651F94C49D}.Debug|Any CPU.ActiveCfg = Debug|Any CPU
		{4E74EB89-1493-4D41-A8E4-D1651F94C49D}.Debug|Any CPU.Build.0 = Debug|Any CPU
		{4E74EB89-1493-4D41-A8E4-D1651F94C49D}.Release|Any CPU.ActiveCfg = Release|Any CPU
		{4E74EB89-1493-4D41-A8E4-D1651F94C49D}.Release|Any CPU.Build.0 = Release|Any CPU
		{0E1E4D83-1054-4010-9CE2-07CF0E2D2422}.Debug|Any CPU.ActiveCfg = Debug|Any CPU
		{0E1E4D83-1054-4010-9CE2-07CF0E2D2422}.Debug|Any CPU.Build.0 = Debug|Any CPU
		{0E1E4D83-1054-4010-9CE2-07CF0E2D2422}.Release|Any CPU.ActiveCfg = Release|Any CPU
		{0E1E4D83-1054-4010-9CE2-07CF0E2D2422}.Release|Any CPU.Build.0 = Release|Any CPU
	EndGlobalSection
	GlobalSection(SolutionProperties) = preSolution
		HideSolutionNode = FALSE
	EndGlobalSection
	GlobalSection(ExtensibilityGlobals) = postSolution
		SolutionGuid = {2751820D-4CDB-4D8B-B996-D7F0FF4F3A2F}
	EndGlobalSection
EndGlobal
